// !$*UTF8*$!
{
	archiveVersion = 1;
	classes = {
	};
	objectVersion = 56;
	objects = {

/* Begin PBXBuildFile section */
		3912459E2BA5B4E2005EDF39 /* APIKey.swift in Sources */ = {isa = PBXBuildFile; fileRef = 3912459D2BA5B4E2005EDF39 /* APIKey.swift */; };
		391245A12BA5BB55005EDF39 /* PlaceModel.swift in Sources */ = {isa = PBXBuildFile; fileRef = 391245A02BA5BB55005EDF39 /* PlaceModel.swift */; };
		391245A32BA5BF84005EDF39 /* PlaceAPI.swift in Sources */ = {isa = PBXBuildFile; fileRef = 391245A22BA5BF84005EDF39 /* PlaceAPI.swift */; };
		391245A62BA5E89E005EDF39 /* PlaceViewController.swift in Sources */ = {isa = PBXBuildFile; fileRef = 391245A52BA5E89E005EDF39 /* PlaceViewController.swift */; };
		392C554E2BAD953E0089FB0D /* VersionTableViewCell.swift in Sources */ = {isa = PBXBuildFile; fileRef = 392C554D2BAD953E0089FB0D /* VersionTableViewCell.swift */; };
		392C55512BADB4770089FB0D /* OnboardingViewController.swift in Sources */ = {isa = PBXBuildFile; fileRef = 392C55502BADB4770089FB0D /* OnboardingViewController.swift */; };
		392C55532BADE4500089FB0D /* ProfileScrollView.swift in Sources */ = {isa = PBXBuildFile; fileRef = 392C55522BADE4500089FB0D /* ProfileScrollView.swift */; };
		393624622BAE0E5D00C9218D /* SVProgressHUD in Frameworks */ = {isa = PBXBuildFile; productRef = 393624612BAE0E5D00C9218D /* SVProgressHUD */; };
		393624642BAE131600C9218D /* GoogleService-Info.plist in Resources */ = {isa = PBXBuildFile; fileRef = 393624632BAE131600C9218D /* GoogleService-Info.plist */; };
		393624672BAE13C400C9218D /* FirebaseAnalyticsWithoutAdIdSupport in Frameworks */ = {isa = PBXBuildFile; productRef = 393624662BAE13C400C9218D /* FirebaseAnalyticsWithoutAdIdSupport */; };
		393624692BAE13C400C9218D /* FirebaseCrashlytics in Frameworks */ = {isa = PBXBuildFile; productRef = 393624682BAE13C400C9218D /* FirebaseCrashlytics */; };
		3936246B2BAE13C400C9218D /* FirebaseMessaging in Frameworks */ = {isa = PBXBuildFile; productRef = 3936246A2BAE13C400C9218D /* FirebaseMessaging */; };
		394054E32B9BF396000AF69F /* DateBottomSheetViewController.swift in Sources */ = {isa = PBXBuildFile; fileRef = 394054E22B9BF396000AF69F /* DateBottomSheetViewController.swift */; };
		394054E52B9C0F60000AF69F /* CompleteButton.swift in Sources */ = {isa = PBXBuildFile; fileRef = 394054E42B9C0F60000AF69F /* CompleteButton.swift */; };
		394054E72B9C1D5A000AF69F /* GenderBottomSheetViewController.swift in Sources */ = {isa = PBXBuildFile; fileRef = 394054E62B9C1D5A000AF69F /* GenderBottomSheetViewController.swift */; };
		394054E92B9C1F8B000AF69F /* Extension + UIButton.swift in Sources */ = {isa = PBXBuildFile; fileRef = 394054E82B9C1F8B000AF69F /* Extension + UIButton.swift */; };
		394054EB2B9C2812000AF69F /* Realm in Frameworks */ = {isa = PBXBuildFile; productRef = 394054EA2B9C2812000AF69F /* Realm */; };
		394054ED2B9C2812000AF69F /* RealmSwift in Frameworks */ = {isa = PBXBuildFile; productRef = 394054EC2B9C2812000AF69F /* RealmSwift */; };
		394054EF2B9C311C000AF69F /* Extension + TextField.swift in Sources */ = {isa = PBXBuildFile; fileRef = 394054EE2B9C311C000AF69F /* Extension + TextField.swift */; };
		394054F22B9D74A2000AF69F /* IQKeyboardManagerSwift in Frameworks */ = {isa = PBXBuildFile; productRef = 394054F12B9D74A2000AF69F /* IQKeyboardManagerSwift */; };
		394054F42B9D76C9000AF69F /* ProfileViewModel.swift in Sources */ = {isa = PBXBuildFile; fileRef = 394054F32B9D76C9000AF69F /* ProfileViewModel.swift */; };
		394054F72B9D772A000AF69F /* Observable.swift in Sources */ = {isa = PBXBuildFile; fileRef = 394054F62B9D772A000AF69F /* Observable.swift */; };
		394054F92B9DB058000AF69F /* Extension + Date.swift in Sources */ = {isa = PBXBuildFile; fileRef = 394054F82B9DB058000AF69F /* Extension + Date.swift */; };
		394054FB2B9DDAEF000AF69F /* CameraBottomSheetViewController.swift in Sources */ = {isa = PBXBuildFile; fileRef = 394054FA2B9DDAEF000AF69F /* CameraBottomSheetViewController.swift */; };
		394054FD2B9DE331000AF69F /* Extension + UIViewController.swift in Sources */ = {isa = PBXBuildFile; fileRef = 394054FC2B9DE330000AF69F /* Extension + UIViewController.swift */; };
		394055002B9E0294000AF69F /* FSCalendar in Frameworks */ = {isa = PBXBuildFile; productRef = 394054FF2B9E0294000AF69F /* FSCalendar */; };
		394055052B9EF681000AF69F /* PlanViewController.swift in Sources */ = {isa = PBXBuildFile; fileRef = 394055042B9EF681000AF69F /* PlanViewController.swift */; };
		3969582A2BA98EA30083E9EC /* PlaceInfoView.swift in Sources */ = {isa = PBXBuildFile; fileRef = 396958292BA98EA30083E9EC /* PlaceInfoView.swift */; };
		3969582C2BA9CFD10083E9EC /* PetDiaryTabBarController.swift in Sources */ = {isa = PBXBuildFile; fileRef = 3969582B2BA9CFD10083E9EC /* PetDiaryTabBarController.swift */; };
		396958302BAC04CD0083E9EC /* SettingViewController.swift in Sources */ = {isa = PBXBuildFile; fileRef = 3969582F2BAC04CD0083E9EC /* SettingViewController.swift */; };
		396958322BAC10910083E9EC /* ProfileInfoView.swift in Sources */ = {isa = PBXBuildFile; fileRef = 396958312BAC10910083E9EC /* ProfileInfoView.swift */; };
		396958352BAC38EC0083E9EC /* UserDefaultManager.swift in Sources */ = {isa = PBXBuildFile; fileRef = 396958342BAC38EC0083E9EC /* UserDefaultManager.swift */; };
		396D2FBD2B99839200613BFE /* AppDelegate.swift in Sources */ = {isa = PBXBuildFile; fileRef = 396D2FBC2B99839200613BFE /* AppDelegate.swift */; };
		396D2FBF2B99839200613BFE /* SceneDelegate.swift in Sources */ = {isa = PBXBuildFile; fileRef = 396D2FBE2B99839200613BFE /* SceneDelegate.swift */; };
		396D2FC12B99839200613BFE /* ViewController.swift in Sources */ = {isa = PBXBuildFile; fileRef = 396D2FC02B99839200613BFE /* ViewController.swift */; };
		396D2FC42B99839200613BFE /* Main.storyboard in Resources */ = {isa = PBXBuildFile; fileRef = 396D2FC22B99839200613BFE /* Main.storyboard */; };
		396D2FC62B99839700613BFE /* Assets.xcassets in Resources */ = {isa = PBXBuildFile; fileRef = 396D2FC52B99839700613BFE /* Assets.xcassets */; };
		396D2FC92B99839700613BFE /* LaunchScreen.storyboard in Resources */ = {isa = PBXBuildFile; fileRef = 396D2FC72B99839700613BFE /* LaunchScreen.storyboard */; };
		396D2FD12B9985E500613BFE /* .gitignore in Resources */ = {isa = PBXBuildFile; fileRef = 396D2FD02B9985E500613BFE /* .gitignore */; };
		396D2FD42B998AA100613BFE /* ProfileViewController.swift in Sources */ = {isa = PBXBuildFile; fileRef = 396D2FD32B998AA100613BFE /* ProfileViewController.swift */; };
		396D2FDC2B9ADEA900613BFE /* CameraButton.swift in Sources */ = {isa = PBXBuildFile; fileRef = 396D2FDB2B9ADEA900613BFE /* CameraButton.swift */; };
		396D2FDF2B9ADF7200613BFE /* SnapKit in Frameworks */ = {isa = PBXBuildFile; productRef = 396D2FDE2B9ADF7200613BFE /* SnapKit */; };
		396D2FE12B9AE23A00613BFE /* ProfileButton.swift in Sources */ = {isa = PBXBuildFile; fileRef = 396D2FE02B9AE23A00613BFE /* ProfileButton.swift */; };
		396D2FE32B9AE5C100613BFE /* ProfileInputTextField.swift in Sources */ = {isa = PBXBuildFile; fileRef = 396D2FE22B9AE5C100613BFE /* ProfileInputTextField.swift */; };
		396D2FE92B9B5AE000613BFE /* Color.swift in Sources */ = {isa = PBXBuildFile; fileRef = 396D2FE82B9B5AE000613BFE /* Color.swift */; };
		396D2FEB2B9B5C5400613BFE /* ProfileLabel.swift in Sources */ = {isa = PBXBuildFile; fileRef = 396D2FEA2B9B5C5400613BFE /* ProfileLabel.swift */; };
		396D2FED2B9B5DE800613BFE /* ProfileInputButton.swift in Sources */ = {isa = PBXBuildFile; fileRef = 396D2FEC2B9B5DE800613BFE /* ProfileInputButton.swift */; };
		396D2FEF2B9B65AC00613BFE /* BaseView.swift in Sources */ = {isa = PBXBuildFile; fileRef = 396D2FEE2B9B65AC00613BFE /* BaseView.swift */; };
		396D2FF42B9BE7F800613BFE /* PetTable.swift in Sources */ = {isa = PBXBuildFile; fileRef = 396D2FF32B9BE7F800613BFE /* PetTable.swift */; };
		396D2FFB2B9BEB7000613BFE /* PetRepository.swift in Sources */ = {isa = PBXBuildFile; fileRef = 396D2FFA2B9BEB7000613BFE /* PetRepository.swift */; };
		396D2FFE2B9BEDA000613BFE /* Realm in Frameworks */ = {isa = PBXBuildFile; productRef = 396D2FFD2B9BEDA000613BFE /* Realm */; };
		396D30002B9BEDA000613BFE /* RealmSwift in Frameworks */ = {isa = PBXBuildFile; productRef = 396D2FFF2B9BEDA000613BFE /* RealmSwift */; };
		3991E1002BA8A4C8006DBBD0 /* PlaceTable.swift in Sources */ = {isa = PBXBuildFile; fileRef = 3991E0FF2BA8A4C8006DBBD0 /* PlaceTable.swift */; };
		3991E1022BA8A5ED006DBBD0 /* PlaceRepository.swift in Sources */ = {isa = PBXBuildFile; fileRef = 3991E1012BA8A5ED006DBBD0 /* PlaceRepository.swift */; };
		39C1D64E2B9F3EF100418B68 /* PlanView.swift in Sources */ = {isa = PBXBuildFile; fileRef = 39C1D64D2B9F3EF100418B68 /* PlanView.swift */; };
		39C1D6502B9F60C300418B68 /* PlanCollectionViewCell.swift in Sources */ = {isa = PBXBuildFile; fileRef = 39C1D64F2B9F60C300418B68 /* PlanCollectionViewCell.swift */; };
		39CFA7762BA018450057827F /* NewPlanViewController.swift in Sources */ = {isa = PBXBuildFile; fileRef = 39CFA7752BA018450057827F /* NewPlanViewController.swift */; };
		39CFA7782BA01BE80057827F /* NewPlanLabel.swift in Sources */ = {isa = PBXBuildFile; fileRef = 39CFA7772BA01BE80057827F /* NewPlanLabel.swift */; };
		39CFA77D2BA01CFF0057827F /* Alamofire in Frameworks */ = {isa = PBXBuildFile; productRef = 39CFA77C2BA01CFF0057827F /* Alamofire */; };
		39CFA77F2BA025680057827F /* NewPlanTextField.swift in Sources */ = {isa = PBXBuildFile; fileRef = 39CFA77E2BA025680057827F /* NewPlanTextField.swift */; };
		39CFA7812BA037560057827F /* GreenLine.swift in Sources */ = {isa = PBXBuildFile; fileRef = 39CFA7802BA037560057827F /* GreenLine.swift */; };
		39CFA7842BA0B4D60057827F /* Toast in Frameworks */ = {isa = PBXBuildFile; productRef = 39CFA7832BA0B4D60057827F /* Toast */; };
		39CFA7862BA0C0920057827F /* PlanTable.swift in Sources */ = {isa = PBXBuildFile; fileRef = 39CFA7852BA0C0920057827F /* PlanTable.swift */; };
		39CFA7882BA0C0A20057827F /* PlanRepository.swift in Sources */ = {isa = PBXBuildFile; fileRef = 39CFA7872BA0C0A20057827F /* PlanRepository.swift */; };
		39CFA78F2BA2BFFF0057827F /* SwipeCellKit in Frameworks */ = {isa = PBXBuildFile; productRef = 39CFA78E2BA2BFFF0057827F /* SwipeCellKit */; };
		39CFA7912BA411F90057827F /* CalendarBottomSheetViewController.swift in Sources */ = {isa = PBXBuildFile; fileRef = 39CFA7902BA411F90057827F /* CalendarBottomSheetViewController.swift */; };
		39CFA7932BA4246B0057827F /* FSCalendarCustomCell.swift in Sources */ = {isa = PBXBuildFile; fileRef = 39CFA7922BA4246B0057827F /* FSCalendarCustomCell.swift */; };
/* End PBXBuildFile section */

/* Begin PBXFileReference section */
		3912459D2BA5B4E2005EDF39 /* APIKey.swift */ = {isa = PBXFileReference; lastKnownFileType = sourcecode.swift; path = APIKey.swift; sourceTree = "<group>"; };
		391245A02BA5BB55005EDF39 /* PlaceModel.swift */ = {isa = PBXFileReference; lastKnownFileType = sourcecode.swift; path = PlaceModel.swift; sourceTree = "<group>"; };
		391245A22BA5BF84005EDF39 /* PlaceAPI.swift */ = {isa = PBXFileReference; lastKnownFileType = sourcecode.swift; path = PlaceAPI.swift; sourceTree = "<group>"; };
		391245A52BA5E89E005EDF39 /* PlaceViewController.swift */ = {isa = PBXFileReference; lastKnownFileType = sourcecode.swift; path = PlaceViewController.swift; sourceTree = "<group>"; };
		392C554D2BAD953E0089FB0D /* VersionTableViewCell.swift */ = {isa = PBXFileReference; lastKnownFileType = sourcecode.swift; path = VersionTableViewCell.swift; sourceTree = "<group>"; };
		392C55502BADB4770089FB0D /* OnboardingViewController.swift */ = {isa = PBXFileReference; lastKnownFileType = sourcecode.swift; path = OnboardingViewController.swift; sourceTree = "<group>"; };
		392C55522BADE4500089FB0D /* ProfileScrollView.swift */ = {isa = PBXFileReference; lastKnownFileType = sourcecode.swift; path = ProfileScrollView.swift; sourceTree = "<group>"; };
		393624632BAE131600C9218D /* GoogleService-Info.plist */ = {isa = PBXFileReference; fileEncoding = 4; lastKnownFileType = text.plist.xml; path = "GoogleService-Info.plist"; sourceTree = "<group>"; };
		394054E22B9BF396000AF69F /* DateBottomSheetViewController.swift */ = {isa = PBXFileReference; lastKnownFileType = sourcecode.swift; path = DateBottomSheetViewController.swift; sourceTree = "<group>"; };
		394054E42B9C0F60000AF69F /* CompleteButton.swift */ = {isa = PBXFileReference; lastKnownFileType = sourcecode.swift; path = CompleteButton.swift; sourceTree = "<group>"; };
		394054E62B9C1D5A000AF69F /* GenderBottomSheetViewController.swift */ = {isa = PBXFileReference; lastKnownFileType = sourcecode.swift; path = GenderBottomSheetViewController.swift; sourceTree = "<group>"; };
		394054E82B9C1F8B000AF69F /* Extension + UIButton.swift */ = {isa = PBXFileReference; lastKnownFileType = sourcecode.swift; path = "Extension + UIButton.swift"; sourceTree = "<group>"; };
		394054EE2B9C311C000AF69F /* Extension + TextField.swift */ = {isa = PBXFileReference; lastKnownFileType = sourcecode.swift; path = "Extension + TextField.swift"; sourceTree = "<group>"; };
		394054F32B9D76C9000AF69F /* ProfileViewModel.swift */ = {isa = PBXFileReference; lastKnownFileType = sourcecode.swift; path = ProfileViewModel.swift; sourceTree = "<group>"; };
		394054F62B9D772A000AF69F /* Observable.swift */ = {isa = PBXFileReference; lastKnownFileType = sourcecode.swift; path = Observable.swift; sourceTree = "<group>"; };
		394054F82B9DB058000AF69F /* Extension + Date.swift */ = {isa = PBXFileReference; lastKnownFileType = sourcecode.swift; path = "Extension + Date.swift"; sourceTree = "<group>"; };
		394054FA2B9DDAEF000AF69F /* CameraBottomSheetViewController.swift */ = {isa = PBXFileReference; lastKnownFileType = sourcecode.swift; path = CameraBottomSheetViewController.swift; sourceTree = "<group>"; };
		394054FC2B9DE330000AF69F /* Extension + UIViewController.swift */ = {isa = PBXFileReference; lastKnownFileType = sourcecode.swift; path = "Extension + UIViewController.swift"; sourceTree = "<group>"; };
		394055042B9EF681000AF69F /* PlanViewController.swift */ = {isa = PBXFileReference; lastKnownFileType = sourcecode.swift; path = PlanViewController.swift; sourceTree = "<group>"; };
		396958292BA98EA30083E9EC /* PlaceInfoView.swift */ = {isa = PBXFileReference; lastKnownFileType = sourcecode.swift; path = PlaceInfoView.swift; sourceTree = "<group>"; };
		3969582B2BA9CFD10083E9EC /* PetDiaryTabBarController.swift */ = {isa = PBXFileReference; lastKnownFileType = sourcecode.swift; path = PetDiaryTabBarController.swift; sourceTree = "<group>"; };
		3969582F2BAC04CD0083E9EC /* SettingViewController.swift */ = {isa = PBXFileReference; lastKnownFileType = sourcecode.swift; path = SettingViewController.swift; sourceTree = "<group>"; };
		396958312BAC10910083E9EC /* ProfileInfoView.swift */ = {isa = PBXFileReference; lastKnownFileType = sourcecode.swift; path = ProfileInfoView.swift; sourceTree = "<group>"; };
		396958342BAC38EC0083E9EC /* UserDefaultManager.swift */ = {isa = PBXFileReference; lastKnownFileType = sourcecode.swift; path = UserDefaultManager.swift; sourceTree = "<group>"; };
		396D2FB92B99839200613BFE /* PetDiary.app */ = {isa = PBXFileReference; explicitFileType = wrapper.application; includeInIndex = 0; path = PetDiary.app; sourceTree = BUILT_PRODUCTS_DIR; };
		396D2FBC2B99839200613BFE /* AppDelegate.swift */ = {isa = PBXFileReference; lastKnownFileType = sourcecode.swift; path = AppDelegate.swift; sourceTree = "<group>"; };
		396D2FBE2B99839200613BFE /* SceneDelegate.swift */ = {isa = PBXFileReference; lastKnownFileType = sourcecode.swift; path = SceneDelegate.swift; sourceTree = "<group>"; };
		396D2FC02B99839200613BFE /* ViewController.swift */ = {isa = PBXFileReference; lastKnownFileType = sourcecode.swift; path = ViewController.swift; sourceTree = "<group>"; };
		396D2FC32B99839200613BFE /* Base */ = {isa = PBXFileReference; lastKnownFileType = file.storyboard; name = Base; path = Base.lproj/Main.storyboard; sourceTree = "<group>"; };
		396D2FC52B99839700613BFE /* Assets.xcassets */ = {isa = PBXFileReference; lastKnownFileType = folder.assetcatalog; path = Assets.xcassets; sourceTree = "<group>"; };
		396D2FC82B99839700613BFE /* Base */ = {isa = PBXFileReference; lastKnownFileType = file.storyboard; name = Base; path = Base.lproj/LaunchScreen.storyboard; sourceTree = "<group>"; };
		396D2FCA2B99839700613BFE /* Info.plist */ = {isa = PBXFileReference; lastKnownFileType = text.plist.xml; path = Info.plist; sourceTree = "<group>"; };
		396D2FD02B9985E500613BFE /* .gitignore */ = {isa = PBXFileReference; lastKnownFileType = text; path = .gitignore; sourceTree = "<group>"; };
		396D2FD32B998AA100613BFE /* ProfileViewController.swift */ = {isa = PBXFileReference; lastKnownFileType = sourcecode.swift; path = ProfileViewController.swift; sourceTree = "<group>"; };
		396D2FDB2B9ADEA900613BFE /* CameraButton.swift */ = {isa = PBXFileReference; lastKnownFileType = sourcecode.swift; path = CameraButton.swift; sourceTree = "<group>"; };
		396D2FE02B9AE23A00613BFE /* ProfileButton.swift */ = {isa = PBXFileReference; lastKnownFileType = sourcecode.swift; path = ProfileButton.swift; sourceTree = "<group>"; };
		396D2FE22B9AE5C100613BFE /* ProfileInputTextField.swift */ = {isa = PBXFileReference; lastKnownFileType = sourcecode.swift; path = ProfileInputTextField.swift; sourceTree = "<group>"; };
		396D2FE82B9B5AE000613BFE /* Color.swift */ = {isa = PBXFileReference; lastKnownFileType = sourcecode.swift; path = Color.swift; sourceTree = "<group>"; };
		396D2FEA2B9B5C5400613BFE /* ProfileLabel.swift */ = {isa = PBXFileReference; lastKnownFileType = sourcecode.swift; path = ProfileLabel.swift; sourceTree = "<group>"; };
		396D2FEC2B9B5DE800613BFE /* ProfileInputButton.swift */ = {isa = PBXFileReference; lastKnownFileType = sourcecode.swift; path = ProfileInputButton.swift; sourceTree = "<group>"; };
		396D2FEE2B9B65AC00613BFE /* BaseView.swift */ = {isa = PBXFileReference; lastKnownFileType = sourcecode.swift; path = BaseView.swift; sourceTree = "<group>"; };
		396D2FF32B9BE7F800613BFE /* PetTable.swift */ = {isa = PBXFileReference; lastKnownFileType = sourcecode.swift; path = PetTable.swift; sourceTree = "<group>"; };
		396D2FFA2B9BEB7000613BFE /* PetRepository.swift */ = {isa = PBXFileReference; lastKnownFileType = sourcecode.swift; path = PetRepository.swift; sourceTree = "<group>"; };
		3991E0FF2BA8A4C8006DBBD0 /* PlaceTable.swift */ = {isa = PBXFileReference; lastKnownFileType = sourcecode.swift; path = PlaceTable.swift; sourceTree = "<group>"; };
		3991E1012BA8A5ED006DBBD0 /* PlaceRepository.swift */ = {isa = PBXFileReference; lastKnownFileType = sourcecode.swift; path = PlaceRepository.swift; sourceTree = "<group>"; };
		39C1D64D2B9F3EF100418B68 /* PlanView.swift */ = {isa = PBXFileReference; lastKnownFileType = sourcecode.swift; path = PlanView.swift; sourceTree = "<group>"; };
		39C1D64F2B9F60C300418B68 /* PlanCollectionViewCell.swift */ = {isa = PBXFileReference; lastKnownFileType = sourcecode.swift; path = PlanCollectionViewCell.swift; sourceTree = "<group>"; };
		39CFA7752BA018450057827F /* NewPlanViewController.swift */ = {isa = PBXFileReference; lastKnownFileType = sourcecode.swift; path = NewPlanViewController.swift; sourceTree = "<group>"; };
		39CFA7772BA01BE80057827F /* NewPlanLabel.swift */ = {isa = PBXFileReference; lastKnownFileType = sourcecode.swift; path = NewPlanLabel.swift; sourceTree = "<group>"; };
		39CFA77E2BA025680057827F /* NewPlanTextField.swift */ = {isa = PBXFileReference; lastKnownFileType = sourcecode.swift; path = NewPlanTextField.swift; sourceTree = "<group>"; };
		39CFA7802BA037560057827F /* GreenLine.swift */ = {isa = PBXFileReference; lastKnownFileType = sourcecode.swift; path = GreenLine.swift; sourceTree = "<group>"; };
		39CFA7852BA0C0920057827F /* PlanTable.swift */ = {isa = PBXFileReference; lastKnownFileType = sourcecode.swift; path = PlanTable.swift; sourceTree = "<group>"; };
		39CFA7872BA0C0A20057827F /* PlanRepository.swift */ = {isa = PBXFileReference; lastKnownFileType = sourcecode.swift; path = PlanRepository.swift; sourceTree = "<group>"; };
		39CFA7902BA411F90057827F /* CalendarBottomSheetViewController.swift */ = {isa = PBXFileReference; lastKnownFileType = sourcecode.swift; path = CalendarBottomSheetViewController.swift; sourceTree = "<group>"; };
		39CFA7922BA4246B0057827F /* FSCalendarCustomCell.swift */ = {isa = PBXFileReference; lastKnownFileType = sourcecode.swift; path = FSCalendarCustomCell.swift; sourceTree = "<group>"; };
/* End PBXFileReference section */

/* Begin PBXFrameworksBuildPhase section */
		396D2FB62B99839200613BFE /* Frameworks */ = {
			isa = PBXFrameworksBuildPhase;
			buildActionMask = 2147483647;
			files = (
				394054ED2B9C2812000AF69F /* RealmSwift in Frameworks */,
				39CFA77D2BA01CFF0057827F /* Alamofire in Frameworks */,
				3936246B2BAE13C400C9218D /* FirebaseMessaging in Frameworks */,
				393624622BAE0E5D00C9218D /* SVProgressHUD in Frameworks */,
				396D30002B9BEDA000613BFE /* RealmSwift in Frameworks */,
				39CFA7842BA0B4D60057827F /* Toast in Frameworks */,
				396D2FFE2B9BEDA000613BFE /* Realm in Frameworks */,
				396D2FDF2B9ADF7200613BFE /* SnapKit in Frameworks */,
				393624672BAE13C400C9218D /* FirebaseAnalyticsWithoutAdIdSupport in Frameworks */,
				394054EB2B9C2812000AF69F /* Realm in Frameworks */,
				393624692BAE13C400C9218D /* FirebaseCrashlytics in Frameworks */,
				394055002B9E0294000AF69F /* FSCalendar in Frameworks */,
				39CFA78F2BA2BFFF0057827F /* SwipeCellKit in Frameworks */,
				394054F22B9D74A2000AF69F /* IQKeyboardManagerSwift in Frameworks */,
			);
			runOnlyForDeploymentPostprocessing = 0;
		};
/* End PBXFrameworksBuildPhase section */

/* Begin PBXGroup section */
		3912459F2BA5BB44005EDF39 /* Network */ = {
			isa = PBXGroup;
			children = (
				3912459D2BA5B4E2005EDF39 /* APIKey.swift */,
				391245A02BA5BB55005EDF39 /* PlaceModel.swift */,
				391245A22BA5BF84005EDF39 /* PlaceAPI.swift */,
			);
			path = Network;
			sourceTree = "<group>";
		};
		391245A42BA5E87D005EDF39 /* Place */ = {
			isa = PBXGroup;
			children = (
				391245A52BA5E89E005EDF39 /* PlaceViewController.swift */,
			);
			path = Place;
			sourceTree = "<group>";
		};
		392C554F2BADB4620089FB0D /* Onboarding */ = {
			isa = PBXGroup;
			children = (
				392C55502BADB4770089FB0D /* OnboardingViewController.swift */,
			);
			path = Onboarding;
			sourceTree = "<group>";
		};
		394054F52B9D76FB000AF69F /* Extension */ = {
			isa = PBXGroup;
			children = (
				394054EE2B9C311C000AF69F /* Extension + TextField.swift */,
				394054E82B9C1F8B000AF69F /* Extension + UIButton.swift */,
				394054F82B9DB058000AF69F /* Extension + Date.swift */,
				394054FC2B9DE330000AF69F /* Extension + UIViewController.swift */,
			);
			path = Extension;
			sourceTree = "<group>";
		};
		394055012B9E031B000AF69F /* Plan */ = {
			isa = PBXGroup;
			children = (
				39C1D64F2B9F60C300418B68 /* PlanCollectionViewCell.swift */,
				394055042B9EF681000AF69F /* PlanViewController.swift */,
				39C1D64D2B9F3EF100418B68 /* PlanView.swift */,
			);
			path = Plan;
			sourceTree = "<group>";
		};
		3969582E2BAC04B60083E9EC /* Setting */ = {
			isa = PBXGroup;
			children = (
				3969582F2BAC04CD0083E9EC /* SettingViewController.swift */,
				392C554D2BAD953E0089FB0D /* VersionTableViewCell.swift */,
			);
			path = Setting;
			sourceTree = "<group>";
		};
		396D2FB02B99839200613BFE = {
			isa = PBXGroup;
			children = (
				396D2FD02B9985E500613BFE /* .gitignore */,
				396D2FBB2B99839200613BFE /* PetDiary */,
				396D2FBA2B99839200613BFE /* Products */,
			);
			sourceTree = "<group>";
		};
		396D2FBA2B99839200613BFE /* Products */ = {
			isa = PBXGroup;
			children = (
				396D2FB92B99839200613BFE /* PetDiary.app */,
			);
			name = Products;
			sourceTree = "<group>";
		};
		396D2FBB2B99839200613BFE /* PetDiary */ = {
			isa = PBXGroup;
			children = (
				393624632BAE131600C9218D /* GoogleService-Info.plist */,
				392C554F2BADB4620089FB0D /* Onboarding */,
				3969582E2BAC04B60083E9EC /* Setting */,
				3912459F2BA5BB44005EDF39 /* Network */,
				391245A42BA5E87D005EDF39 /* Place */,
				394054F52B9D76FB000AF69F /* Extension */,
				396D2FF22B9BE7E300613BFE /* Realm */,
				396D2FE72B9B5AD100613BFE /* Style */,
				396D2FDA2B9ADE8D00613BFE /* Custom */,
				396D2FD52B99915D00613BFE /* Base */,
				39CFA7742BA018210057827F /* NewPlan */,
				394055012B9E031B000AF69F /* Plan */,
				396D2FD22B998A8F00613BFE /* Profile */,
				396D2FBC2B99839200613BFE /* AppDelegate.swift */,
				396D2FBE2B99839200613BFE /* SceneDelegate.swift */,
				396D2FC02B99839200613BFE /* ViewController.swift */,
				396D2FC22B99839200613BFE /* Main.storyboard */,
				396D2FC52B99839700613BFE /* Assets.xcassets */,
				396D2FC72B99839700613BFE /* LaunchScreen.storyboard */,
				396D2FCA2B99839700613BFE /* Info.plist */,
				394054F62B9D772A000AF69F /* Observable.swift */,
				3969582B2BA9CFD10083E9EC /* PetDiaryTabBarController.swift */,
				396958342BAC38EC0083E9EC /* UserDefaultManager.swift */,
			);
			path = PetDiary;
			sourceTree = "<group>";
		};
		396D2FD22B998A8F00613BFE /* Profile */ = {
			isa = PBXGroup;
			children = (
				396D2FD32B998AA100613BFE /* ProfileViewController.swift */,
				394054E22B9BF396000AF69F /* DateBottomSheetViewController.swift */,
				394054E62B9C1D5A000AF69F /* GenderBottomSheetViewController.swift */,
				394054F32B9D76C9000AF69F /* ProfileViewModel.swift */,
				394054FA2B9DDAEF000AF69F /* CameraBottomSheetViewController.swift */,
				392C55522BADE4500089FB0D /* ProfileScrollView.swift */,
			);
			path = Profile;
			sourceTree = "<group>";
		};
		396D2FD52B99915D00613BFE /* Base */ = {
			isa = PBXGroup;
			children = (
				396D2FEE2B9B65AC00613BFE /* BaseView.swift */,
			);
			path = Base;
			sourceTree = "<group>";
		};
		396D2FDA2B9ADE8D00613BFE /* Custom */ = {
			isa = PBXGroup;
			children = (
				396D2FDB2B9ADEA900613BFE /* CameraButton.swift */,
				396D2FE02B9AE23A00613BFE /* ProfileButton.swift */,
				396D2FEA2B9B5C5400613BFE /* ProfileLabel.swift */,
				396D2FE22B9AE5C100613BFE /* ProfileInputTextField.swift */,
				396D2FEC2B9B5DE800613BFE /* ProfileInputButton.swift */,
				394054E42B9C0F60000AF69F /* CompleteButton.swift */,
				39CFA7772BA01BE80057827F /* NewPlanLabel.swift */,
				39CFA77E2BA025680057827F /* NewPlanTextField.swift */,
				39CFA7802BA037560057827F /* GreenLine.swift */,
				396958292BA98EA30083E9EC /* PlaceInfoView.swift */,
				396958312BAC10910083E9EC /* ProfileInfoView.swift */,
			);
			path = Custom;
			sourceTree = "<group>";
		};
		396D2FE72B9B5AD100613BFE /* Style */ = {
			isa = PBXGroup;
			children = (
				396D2FE82B9B5AE000613BFE /* Color.swift */,
			);
			path = Style;
			sourceTree = "<group>";
		};
		396D2FF22B9BE7E300613BFE /* Realm */ = {
			isa = PBXGroup;
			children = (
				396D2FF32B9BE7F800613BFE /* PetTable.swift */,
				396D2FFA2B9BEB7000613BFE /* PetRepository.swift */,
				39CFA7852BA0C0920057827F /* PlanTable.swift */,
				39CFA7872BA0C0A20057827F /* PlanRepository.swift */,
				3991E0FF2BA8A4C8006DBBD0 /* PlaceTable.swift */,
				3991E1012BA8A5ED006DBBD0 /* PlaceRepository.swift */,
			);
			path = Realm;
			sourceTree = "<group>";
		};
		39CFA7742BA018210057827F /* NewPlan */ = {
			isa = PBXGroup;
			children = (
				39CFA7752BA018450057827F /* NewPlanViewController.swift */,
				39CFA7902BA411F90057827F /* CalendarBottomSheetViewController.swift */,
				39CFA7922BA4246B0057827F /* FSCalendarCustomCell.swift */,
			);
			path = NewPlan;
			sourceTree = "<group>";
		};
/* End PBXGroup section */

/* Begin PBXNativeTarget section */
		396D2FB82B99839200613BFE /* PetDiary */ = {
			isa = PBXNativeTarget;
			buildConfigurationList = 396D2FCD2B99839700613BFE /* Build configuration list for PBXNativeTarget "PetDiary" */;
			buildPhases = (
				396D2FB52B99839200613BFE /* Sources */,
				396D2FB62B99839200613BFE /* Frameworks */,
				396D2FB72B99839200613BFE /* Resources */,
				3936246C2BAE151D00C9218D /* ShellScript */,
			);
			buildRules = (
			);
			dependencies = (
			);
			name = PetDiary;
			packageProductDependencies = (
				396D2FDE2B9ADF7200613BFE /* SnapKit */,
				396D2FFD2B9BEDA000613BFE /* Realm */,
				396D2FFF2B9BEDA000613BFE /* RealmSwift */,
				394054EA2B9C2812000AF69F /* Realm */,
				394054EC2B9C2812000AF69F /* RealmSwift */,
				394054F12B9D74A2000AF69F /* IQKeyboardManagerSwift */,
				394054FF2B9E0294000AF69F /* FSCalendar */,
				39CFA77C2BA01CFF0057827F /* Alamofire */,
				39CFA7832BA0B4D60057827F /* Toast */,
				39CFA78E2BA2BFFF0057827F /* SwipeCellKit */,
				393624612BAE0E5D00C9218D /* SVProgressHUD */,
				393624662BAE13C400C9218D /* FirebaseAnalyticsWithoutAdIdSupport */,
				393624682BAE13C400C9218D /* FirebaseCrashlytics */,
				3936246A2BAE13C400C9218D /* FirebaseMessaging */,
			);
			productName = PetDiary;
			productReference = 396D2FB92B99839200613BFE /* PetDiary.app */;
			productType = "com.apple.product-type.application";
		};
/* End PBXNativeTarget section */

/* Begin PBXProject section */
		396D2FB12B99839200613BFE /* Project object */ = {
			isa = PBXProject;
			attributes = {
				BuildIndependentTargetsInParallel = 1;
				LastSwiftUpdateCheck = 1520;
				LastUpgradeCheck = 1520;
				TargetAttributes = {
					396D2FB82B99839200613BFE = {
						CreatedOnToolsVersion = 15.2;
					};
				};
			};
			buildConfigurationList = 396D2FB42B99839200613BFE /* Build configuration list for PBXProject "PetDiary" */;
			compatibilityVersion = "Xcode 14.0";
			developmentRegion = en;
			hasScannedForEncodings = 0;
			knownRegions = (
				en,
				Base,
			);
			mainGroup = 396D2FB02B99839200613BFE;
			packageReferences = (
				396D2FDD2B9ADF7200613BFE /* XCRemoteSwiftPackageReference "SnapKit" */,
				396D2FFC2B9BEDA000613BFE /* XCRemoteSwiftPackageReference "realm-swift" */,
				394054F02B9D74A2000AF69F /* XCRemoteSwiftPackageReference "IQKeyboardManager" */,
				394054FE2B9E0294000AF69F /* XCRemoteSwiftPackageReference "FSCalendar" */,
				39CFA77B2BA01CFF0057827F /* XCRemoteSwiftPackageReference "Alamofire" */,
				39CFA7822BA0B4D60057827F /* XCRemoteSwiftPackageReference "Toast-Swift" */,
				39CFA78D2BA2BFFF0057827F /* XCRemoteSwiftPackageReference "SwipeCellKit" */,
				393624602BAE0E5D00C9218D /* XCRemoteSwiftPackageReference "SVProgressHUD" */,
				393624652BAE13C300C9218D /* XCRemoteSwiftPackageReference "firebase-ios-sdk" */,
			);
			productRefGroup = 396D2FBA2B99839200613BFE /* Products */;
			projectDirPath = "";
			projectRoot = "";
			targets = (
				396D2FB82B99839200613BFE /* PetDiary */,
			);
		};
/* End PBXProject section */

/* Begin PBXResourcesBuildPhase section */
		396D2FB72B99839200613BFE /* Resources */ = {
			isa = PBXResourcesBuildPhase;
			buildActionMask = 2147483647;
			files = (
				396D2FD12B9985E500613BFE /* .gitignore in Resources */,
				396D2FC92B99839700613BFE /* LaunchScreen.storyboard in Resources */,
				393624642BAE131600C9218D /* GoogleService-Info.plist in Resources */,
				396D2FC62B99839700613BFE /* Assets.xcassets in Resources */,
				396D2FC42B99839200613BFE /* Main.storyboard in Resources */,
			);
			runOnlyForDeploymentPostprocessing = 0;
		};
/* End PBXResourcesBuildPhase section */

/* Begin PBXShellScriptBuildPhase section */
		3936246C2BAE151D00C9218D /* ShellScript */ = {
			isa = PBXShellScriptBuildPhase;
			buildActionMask = 2147483647;
			files = (
			);
			inputFileListPaths = (
			);
			inputPaths = (
				"${DWARF_DSYM_FOLDER_PATH}/${DWARF_DSYM_FILE_NAME}",
				"${DWARF_DSYM_FOLDER_PATH}/${DWARF_DSYM_FILE_NAME}/Contents/Resources/DWARF/${PRODUCT_NAME}",
				"${DWARF_DSYM_FOLDER_PATH}/${DWARF_DSYM_FILE_NAME}/Contents/Info.plist",
				"$(TARGET_BUILD_DIR)/$(UNLOCALIZED_RESOURCES_FOLDER_PATH)/GoogleService-Info.plist",
				"$(TARGET_BUILD_DIR)/$(EXECUTABLE_PATH)",
			);
			outputFileListPaths = (
			);
			outputPaths = (
			);
			runOnlyForDeploymentPostprocessing = 0;
			shellPath = /bin/sh;
			shellScript = "# Type a script or drag a script file from your workspace to insert its path.\n\"${BUILD_DIR%/Build/*}/SourcePackages/checkouts/firebase-ios-sdk/Crashlytics/run\"\n";
		};
/* End PBXShellScriptBuildPhase section */

/* Begin PBXSourcesBuildPhase section */
		396D2FB52B99839200613BFE /* Sources */ = {
			isa = PBXSourcesBuildPhase;
			buildActionMask = 2147483647;
			files = (
				396D2FE32B9AE5C100613BFE /* ProfileInputTextField.swift in Sources */,
				394054FB2B9DDAEF000AF69F /* CameraBottomSheetViewController.swift in Sources */,
				396958352BAC38EC0083E9EC /* UserDefaultManager.swift in Sources */,
				394054F92B9DB058000AF69F /* Extension + Date.swift in Sources */,
				39CFA77F2BA025680057827F /* NewPlanTextField.swift in Sources */,
				394054E92B9C1F8B000AF69F /* Extension + UIButton.swift in Sources */,
				394054EF2B9C311C000AF69F /* Extension + TextField.swift in Sources */,
				39C1D64E2B9F3EF100418B68 /* PlanView.swift in Sources */,
				394054E32B9BF396000AF69F /* DateBottomSheetViewController.swift in Sources */,
				396D2FEB2B9B5C5400613BFE /* ProfileLabel.swift in Sources */,
				394054E52B9C0F60000AF69F /* CompleteButton.swift in Sources */,
				39CFA7812BA037560057827F /* GreenLine.swift in Sources */,
				392C55532BADE4500089FB0D /* ProfileScrollView.swift in Sources */,
				39CFA7762BA018450057827F /* NewPlanViewController.swift in Sources */,
				396D2FEF2B9B65AC00613BFE /* BaseView.swift in Sources */,
				396D2FC12B99839200613BFE /* ViewController.swift in Sources */,
				391245A12BA5BB55005EDF39 /* PlaceModel.swift in Sources */,
				3991E1002BA8A4C8006DBBD0 /* PlaceTable.swift in Sources */,
				391245A32BA5BF84005EDF39 /* PlaceAPI.swift in Sources */,
				396D2FBD2B99839200613BFE /* AppDelegate.swift in Sources */,
				394054F72B9D772A000AF69F /* Observable.swift in Sources */,
				392C554E2BAD953E0089FB0D /* VersionTableViewCell.swift in Sources */,
				396D2FED2B9B5DE800613BFE /* ProfileInputButton.swift in Sources */,
				396D2FE12B9AE23A00613BFE /* ProfileButton.swift in Sources */,
				3969582A2BA98EA30083E9EC /* PlaceInfoView.swift in Sources */,
				396958302BAC04CD0083E9EC /* SettingViewController.swift in Sources */,
				391245A62BA5E89E005EDF39 /* PlaceViewController.swift in Sources */,
				396D2FD42B998AA100613BFE /* ProfileViewController.swift in Sources */,
				39C1D6502B9F60C300418B68 /* PlanCollectionViewCell.swift in Sources */,
				39CFA7882BA0C0A20057827F /* PlanRepository.swift in Sources */,
				394055052B9EF681000AF69F /* PlanViewController.swift in Sources */,
				396D2FFB2B9BEB7000613BFE /* PetRepository.swift in Sources */,
				394054F42B9D76C9000AF69F /* ProfileViewModel.swift in Sources */,
				3969582C2BA9CFD10083E9EC /* PetDiaryTabBarController.swift in Sources */,
				394054FD2B9DE331000AF69F /* Extension + UIViewController.swift in Sources */,
				396D2FDC2B9ADEA900613BFE /* CameraButton.swift in Sources */,
				39CFA7932BA4246B0057827F /* FSCalendarCustomCell.swift in Sources */,
				39CFA7912BA411F90057827F /* CalendarBottomSheetViewController.swift in Sources */,
				396D2FF42B9BE7F800613BFE /* PetTable.swift in Sources */,
				396958322BAC10910083E9EC /* ProfileInfoView.swift in Sources */,
				39CFA7782BA01BE80057827F /* NewPlanLabel.swift in Sources */,
				3991E1022BA8A5ED006DBBD0 /* PlaceRepository.swift in Sources */,
				396D2FE92B9B5AE000613BFE /* Color.swift in Sources */,
				392C55512BADB4770089FB0D /* OnboardingViewController.swift in Sources */,
				39CFA7862BA0C0920057827F /* PlanTable.swift in Sources */,
				396D2FBF2B99839200613BFE /* SceneDelegate.swift in Sources */,
				3912459E2BA5B4E2005EDF39 /* APIKey.swift in Sources */,
				394054E72B9C1D5A000AF69F /* GenderBottomSheetViewController.swift in Sources */,
			);
			runOnlyForDeploymentPostprocessing = 0;
		};
/* End PBXSourcesBuildPhase section */

/* Begin PBXVariantGroup section */
		396D2FC22B99839200613BFE /* Main.storyboard */ = {
			isa = PBXVariantGroup;
			children = (
				396D2FC32B99839200613BFE /* Base */,
			);
			name = Main.storyboard;
			sourceTree = "<group>";
		};
		396D2FC72B99839700613BFE /* LaunchScreen.storyboard */ = {
			isa = PBXVariantGroup;
			children = (
				396D2FC82B99839700613BFE /* Base */,
			);
			name = LaunchScreen.storyboard;
			sourceTree = "<group>";
		};
/* End PBXVariantGroup section */

/* Begin XCBuildConfiguration section */
		396D2FCB2B99839700613BFE /* Debug */ = {
			isa = XCBuildConfiguration;
			buildSettings = {
				ALWAYS_SEARCH_USER_PATHS = NO;
				ASSETCATALOG_COMPILER_GENERATE_SWIFT_ASSET_SYMBOL_EXTENSIONS = YES;
				CLANG_ANALYZER_NONNULL = YES;
				CLANG_ANALYZER_NUMBER_OBJECT_CONVERSION = YES_AGGRESSIVE;
				CLANG_CXX_LANGUAGE_STANDARD = "gnu++20";
				CLANG_ENABLE_MODULES = YES;
				CLANG_ENABLE_OBJC_ARC = YES;
				CLANG_ENABLE_OBJC_WEAK = YES;
				CLANG_WARN_BLOCK_CAPTURE_AUTORELEASING = YES;
				CLANG_WARN_BOOL_CONVERSION = YES;
				CLANG_WARN_COMMA = YES;
				CLANG_WARN_CONSTANT_CONVERSION = YES;
				CLANG_WARN_DEPRECATED_OBJC_IMPLEMENTATIONS = YES;
				CLANG_WARN_DIRECT_OBJC_ISA_USAGE = YES_ERROR;
				CLANG_WARN_DOCUMENTATION_COMMENTS = YES;
				CLANG_WARN_EMPTY_BODY = YES;
				CLANG_WARN_ENUM_CONVERSION = YES;
				CLANG_WARN_INFINITE_RECURSION = YES;
				CLANG_WARN_INT_CONVERSION = YES;
				CLANG_WARN_NON_LITERAL_NULL_CONVERSION = YES;
				CLANG_WARN_OBJC_IMPLICIT_RETAIN_SELF = YES;
				CLANG_WARN_OBJC_LITERAL_CONVERSION = YES;
				CLANG_WARN_OBJC_ROOT_CLASS = YES_ERROR;
				CLANG_WARN_QUOTED_INCLUDE_IN_FRAMEWORK_HEADER = YES;
				CLANG_WARN_RANGE_LOOP_ANALYSIS = YES;
				CLANG_WARN_STRICT_PROTOTYPES = YES;
				CLANG_WARN_SUSPICIOUS_MOVE = YES;
				CLANG_WARN_UNGUARDED_AVAILABILITY = YES_AGGRESSIVE;
				CLANG_WARN_UNREACHABLE_CODE = YES;
				CLANG_WARN__DUPLICATE_METHOD_MATCH = YES;
				COPY_PHASE_STRIP = NO;
				DEBUG_INFORMATION_FORMAT = "dwarf-with-dsym";
				ENABLE_STRICT_OBJC_MSGSEND = YES;
				ENABLE_TESTABILITY = YES;
				ENABLE_USER_SCRIPT_SANDBOXING = YES;
				GCC_C_LANGUAGE_STANDARD = gnu17;
				GCC_DYNAMIC_NO_PIC = NO;
				GCC_NO_COMMON_BLOCKS = YES;
				GCC_OPTIMIZATION_LEVEL = 0;
				GCC_PREPROCESSOR_DEFINITIONS = (
					"DEBUG=1",
					"$(inherited)",
				);
				GCC_WARN_64_TO_32_BIT_CONVERSION = YES;
				GCC_WARN_ABOUT_RETURN_TYPE = YES_ERROR;
				GCC_WARN_UNDECLARED_SELECTOR = YES;
				GCC_WARN_UNINITIALIZED_AUTOS = YES_AGGRESSIVE;
				GCC_WARN_UNUSED_FUNCTION = YES;
				GCC_WARN_UNUSED_VARIABLE = YES;
				IPHONEOS_DEPLOYMENT_TARGET = 16.0;
				LOCALIZATION_PREFERS_STRING_CATALOGS = YES;
				MTL_ENABLE_DEBUG_INFO = INCLUDE_SOURCE;
				MTL_FAST_MATH = YES;
				ONLY_ACTIVE_ARCH = YES;
				SDKROOT = iphoneos;
				SWIFT_ACTIVE_COMPILATION_CONDITIONS = "DEBUG $(inherited)";
				SWIFT_OPTIMIZATION_LEVEL = "-Onone";
			};
			name = Debug;
		};
		396D2FCC2B99839700613BFE /* Release */ = {
			isa = XCBuildConfiguration;
			buildSettings = {
				ALWAYS_SEARCH_USER_PATHS = NO;
				ASSETCATALOG_COMPILER_GENERATE_SWIFT_ASSET_SYMBOL_EXTENSIONS = YES;
				CLANG_ANALYZER_NONNULL = YES;
				CLANG_ANALYZER_NUMBER_OBJECT_CONVERSION = YES_AGGRESSIVE;
				CLANG_CXX_LANGUAGE_STANDARD = "gnu++20";
				CLANG_ENABLE_MODULES = YES;
				CLANG_ENABLE_OBJC_ARC = YES;
				CLANG_ENABLE_OBJC_WEAK = YES;
				CLANG_WARN_BLOCK_CAPTURE_AUTORELEASING = YES;
				CLANG_WARN_BOOL_CONVERSION = YES;
				CLANG_WARN_COMMA = YES;
				CLANG_WARN_CONSTANT_CONVERSION = YES;
				CLANG_WARN_DEPRECATED_OBJC_IMPLEMENTATIONS = YES;
				CLANG_WARN_DIRECT_OBJC_ISA_USAGE = YES_ERROR;
				CLANG_WARN_DOCUMENTATION_COMMENTS = YES;
				CLANG_WARN_EMPTY_BODY = YES;
				CLANG_WARN_ENUM_CONVERSION = YES;
				CLANG_WARN_INFINITE_RECURSION = YES;
				CLANG_WARN_INT_CONVERSION = YES;
				CLANG_WARN_NON_LITERAL_NULL_CONVERSION = YES;
				CLANG_WARN_OBJC_IMPLICIT_RETAIN_SELF = YES;
				CLANG_WARN_OBJC_LITERAL_CONVERSION = YES;
				CLANG_WARN_OBJC_ROOT_CLASS = YES_ERROR;
				CLANG_WARN_QUOTED_INCLUDE_IN_FRAMEWORK_HEADER = YES;
				CLANG_WARN_RANGE_LOOP_ANALYSIS = YES;
				CLANG_WARN_STRICT_PROTOTYPES = YES;
				CLANG_WARN_SUSPICIOUS_MOVE = YES;
				CLANG_WARN_UNGUARDED_AVAILABILITY = YES_AGGRESSIVE;
				CLANG_WARN_UNREACHABLE_CODE = YES;
				CLANG_WARN__DUPLICATE_METHOD_MATCH = YES;
				COPY_PHASE_STRIP = NO;
				DEBUG_INFORMATION_FORMAT = "dwarf-with-dsym";
				ENABLE_NS_ASSERTIONS = NO;
				ENABLE_STRICT_OBJC_MSGSEND = YES;
				ENABLE_USER_SCRIPT_SANDBOXING = YES;
				GCC_C_LANGUAGE_STANDARD = gnu17;
				GCC_NO_COMMON_BLOCKS = YES;
				GCC_WARN_64_TO_32_BIT_CONVERSION = YES;
				GCC_WARN_ABOUT_RETURN_TYPE = YES_ERROR;
				GCC_WARN_UNDECLARED_SELECTOR = YES;
				GCC_WARN_UNINITIALIZED_AUTOS = YES_AGGRESSIVE;
				GCC_WARN_UNUSED_FUNCTION = YES;
				GCC_WARN_UNUSED_VARIABLE = YES;
				IPHONEOS_DEPLOYMENT_TARGET = 16.0;
				LOCALIZATION_PREFERS_STRING_CATALOGS = YES;
				MTL_ENABLE_DEBUG_INFO = NO;
				MTL_FAST_MATH = YES;
				SDKROOT = iphoneos;
				SWIFT_COMPILATION_MODE = wholemodule;
				VALIDATE_PRODUCT = YES;
			};
			name = Release;
		};
		396D2FCE2B99839700613BFE /* Debug */ = {
			isa = XCBuildConfiguration;
			buildSettings = {
				ASSETCATALOG_COMPILER_APPICON_NAME = AppIcon;
				ASSETCATALOG_COMPILER_GLOBAL_ACCENT_COLOR_NAME = AccentColor;
				CODE_SIGN_STYLE = Automatic;
				CURRENT_PROJECT_VERSION = 1;
				DEVELOPMENT_TEAM = 47HVCF82JP;
				GENERATE_INFOPLIST_FILE = YES;
				INFOPLIST_FILE = PetDiary/Info.plist;
				INFOPLIST_KEY_CFBundleDisplayName = "페트와노트";
				INFOPLIST_KEY_UIApplicationSupportsIndirectInputEvents = YES;
				INFOPLIST_KEY_UILaunchStoryboardName = LaunchScreen;
				INFOPLIST_KEY_UIMainStoryboardFile = Main;
				INFOPLIST_KEY_UISupportedInterfaceOrientations_iPad = "UIInterfaceOrientationPortrait UIInterfaceOrientationPortraitUpsideDown UIInterfaceOrientationLandscapeLeft UIInterfaceOrientationLandscapeRight";
				INFOPLIST_KEY_UISupportedInterfaceOrientations_iPhone = "UIInterfaceOrientationPortrait UIInterfaceOrientationLandscapeLeft UIInterfaceOrientationLandscapeRight";
				IPHONEOS_DEPLOYMENT_TARGET = 17.1;
				LD_RUNPATH_SEARCH_PATHS = (
					"$(inherited)",
					"@executable_path/Frameworks",
				);
				MARKETING_VERSION = 1.0;
				PRODUCT_BUNDLE_IDENTIFIER = com.mje0211.PetDiary;
				PRODUCT_NAME = "$(TARGET_NAME)";
				SUPPORTED_PLATFORMS = "iphoneos iphonesimulator";
				SUPPORTS_MACCATALYST = NO;
				SUPPORTS_MAC_DESIGNED_FOR_IPHONE_IPAD = NO;
				SUPPORTS_XR_DESIGNED_FOR_IPHONE_IPAD = NO;
				SWIFT_EMIT_LOC_STRINGS = YES;
				SWIFT_VERSION = 5.0;
				TARGETED_DEVICE_FAMILY = 1;
			};
			name = Debug;
		};
		396D2FCF2B99839700613BFE /* Release */ = {
			isa = XCBuildConfiguration;
			buildSettings = {
				ASSETCATALOG_COMPILER_APPICON_NAME = AppIcon;
				ASSETCATALOG_COMPILER_GLOBAL_ACCENT_COLOR_NAME = AccentColor;
				CODE_SIGN_STYLE = Automatic;
				CURRENT_PROJECT_VERSION = 1;
				DEVELOPMENT_TEAM = 47HVCF82JP;
				GENERATE_INFOPLIST_FILE = YES;
				INFOPLIST_FILE = PetDiary/Info.plist;
				INFOPLIST_KEY_CFBundleDisplayName = "페트와노트";
				INFOPLIST_KEY_UIApplicationSupportsIndirectInputEvents = YES;
				INFOPLIST_KEY_UILaunchStoryboardName = LaunchScreen;
				INFOPLIST_KEY_UIMainStoryboardFile = Main;
				INFOPLIST_KEY_UISupportedInterfaceOrientations_iPad = "UIInterfaceOrientationPortrait UIInterfaceOrientationPortraitUpsideDown UIInterfaceOrientationLandscapeLeft UIInterfaceOrientationLandscapeRight";
				INFOPLIST_KEY_UISupportedInterfaceOrientations_iPhone = "UIInterfaceOrientationPortrait UIInterfaceOrientationLandscapeLeft UIInterfaceOrientationLandscapeRight";
				IPHONEOS_DEPLOYMENT_TARGET = 17.1;
				LD_RUNPATH_SEARCH_PATHS = (
					"$(inherited)",
					"@executable_path/Frameworks",
				);
				MARKETING_VERSION = 1.0;
				PRODUCT_BUNDLE_IDENTIFIER = com.mje0211.PetDiary;
				PRODUCT_NAME = "$(TARGET_NAME)";
				SUPPORTED_PLATFORMS = "iphoneos iphonesimulator";
				SUPPORTS_MACCATALYST = NO;
				SUPPORTS_MAC_DESIGNED_FOR_IPHONE_IPAD = NO;
				SUPPORTS_XR_DESIGNED_FOR_IPHONE_IPAD = NO;
				SWIFT_EMIT_LOC_STRINGS = YES;
				SWIFT_VERSION = 5.0;
				TARGETED_DEVICE_FAMILY = 1;
			};
			name = Release;
		};
/* End XCBuildConfiguration section */

/* Begin XCConfigurationList section */
		396D2FB42B99839200613BFE /* Build configuration list for PBXProject "PetDiary" */ = {
			isa = XCConfigurationList;
			buildConfigurations = (
				396D2FCB2B99839700613BFE /* Debug */,
				396D2FCC2B99839700613BFE /* Release */,
			);
			defaultConfigurationIsVisible = 0;
			defaultConfigurationName = Release;
		};
		396D2FCD2B99839700613BFE /* Build configuration list for PBXNativeTarget "PetDiary" */ = {
			isa = XCConfigurationList;
			buildConfigurations = (
				396D2FCE2B99839700613BFE /* Debug */,
				396D2FCF2B99839700613BFE /* Release */,
			);
			defaultConfigurationIsVisible = 0;
			defaultConfigurationName = Release;
		};
/* End XCConfigurationList section */

/* Begin XCRemoteSwiftPackageReference section */
		393624602BAE0E5D00C9218D /* XCRemoteSwiftPackageReference "SVProgressHUD" */ = {
			isa = XCRemoteSwiftPackageReference;
			repositoryURL = "https://github.com/SVProgressHUD/SVProgressHUD.git";
			requirement = {
				kind = upToNextMajorVersion;
				minimumVersion = 2.3.1;
			};
		};
		393624652BAE13C300C9218D /* XCRemoteSwiftPackageReference "firebase-ios-sdk" */ = {
			isa = XCRemoteSwiftPackageReference;
			repositoryURL = "https://github.com/firebase/firebase-ios-sdk";
			requirement = {
				kind = upToNextMajorVersion;
				minimumVersion = 10.23.0;
			};
		};
		394054F02B9D74A2000AF69F /* XCRemoteSwiftPackageReference "IQKeyboardManager" */ = {
			isa = XCRemoteSwiftPackageReference;
			repositoryURL = "https://github.com/hackiftekhar/IQKeyboardManager.git";
			requirement = {
				kind = upToNextMajorVersion;
				minimumVersion = 7.0.1;
			};
		};
		394054FE2B9E0294000AF69F /* XCRemoteSwiftPackageReference "FSCalendar" */ = {
			isa = XCRemoteSwiftPackageReference;
			repositoryURL = "https://github.com/WenchaoD/FSCalendar.git";
			requirement = {
				kind = upToNextMajorVersion;
				minimumVersion = 2.8.4;
			};
		};
		396D2FDD2B9ADF7200613BFE /* XCRemoteSwiftPackageReference "SnapKit" */ = {
			isa = XCRemoteSwiftPackageReference;
			repositoryURL = "https://github.com/SnapKit/SnapKit.git";
			requirement = {
				kind = upToNextMajorVersion;
				minimumVersion = 5.7.1;
			};
		};
		396D2FFC2B9BEDA000613BFE /* XCRemoteSwiftPackageReference "realm-swift" */ = {
			isa = XCRemoteSwiftPackageReference;
			repositoryURL = "https://github.com/realm/realm-swift.git";
			requirement = {
				kind = exactVersion;
				version = 10.47.0;
			};
		};
		39CFA77B2BA01CFF0057827F /* XCRemoteSwiftPackageReference "Alamofire" */ = {
			isa = XCRemoteSwiftPackageReference;
			repositoryURL = "https://github.com/Alamofire/Alamofire.git";
			requirement = {
				kind = upToNextMajorVersion;
				minimumVersion = 5.9.0;
			};
		};
		39CFA7822BA0B4D60057827F /* XCRemoteSwiftPackageReference "Toast-Swift" */ = {
			isa = XCRemoteSwiftPackageReference;
			repositoryURL = "https://github.com/scalessec/Toast-Swift.git";
			requirement = {
				kind = upToNextMajorVersion;
				minimumVersion = 5.1.0;
			};
		};
		39CFA78D2BA2BFFF0057827F /* XCRemoteSwiftPackageReference "SwipeCellKit" */ = {
			isa = XCRemoteSwiftPackageReference;
			repositoryURL = "https://github.com/SwipeCellKit/SwipeCellKit.git";
			requirement = {
				kind = upToNextMajorVersion;
				minimumVersion = 2.7.1;
			};
		};
/* End XCRemoteSwiftPackageReference section */

/* Begin XCSwiftPackageProductDependency section */
		393624612BAE0E5D00C9218D /* SVProgressHUD */ = {
			isa = XCSwiftPackageProductDependency;
			package = 393624602BAE0E5D00C9218D /* XCRemoteSwiftPackageReference "SVProgressHUD" */;
			productName = SVProgressHUD;
		};
		393624662BAE13C400C9218D /* FirebaseAnalyticsWithoutAdIdSupport */ = {
			isa = XCSwiftPackageProductDependency;
			package = 393624652BAE13C300C9218D /* XCRemoteSwiftPackageReference "firebase-ios-sdk" */;
			productName = FirebaseAnalyticsWithoutAdIdSupport;
		};
		393624682BAE13C400C9218D /* FirebaseCrashlytics */ = {
			isa = XCSwiftPackageProductDependency;
			package = 393624652BAE13C300C9218D /* XCRemoteSwiftPackageReference "firebase-ios-sdk" */;
			productName = FirebaseCrashlytics;
		};
		3936246A2BAE13C400C9218D /* FirebaseMessaging */ = {
			isa = XCSwiftPackageProductDependency;
			package = 393624652BAE13C300C9218D /* XCRemoteSwiftPackageReference "firebase-ios-sdk" */;
			productName = FirebaseMessaging;
		};
		394054EA2B9C2812000AF69F /* Realm */ = {
			isa = XCSwiftPackageProductDependency;
			package = 396D2FFC2B9BEDA000613BFE /* XCRemoteSwiftPackageReference "realm-swift" */;
			productName = Realm;
		};
		394054EC2B9C2812000AF69F /* RealmSwift */ = {
			isa = XCSwiftPackageProductDependency;
			package = 396D2FFC2B9BEDA000613BFE /* XCRemoteSwiftPackageReference "realm-swift" */;
			productName = RealmSwift;
		};
		394054F12B9D74A2000AF69F /* IQKeyboardManagerSwift */ = {
			isa = XCSwiftPackageProductDependency;
			package = 394054F02B9D74A2000AF69F /* XCRemoteSwiftPackageReference "IQKeyboardManager" */;
			productName = IQKeyboardManagerSwift;
		};
		394054FF2B9E0294000AF69F /* FSCalendar */ = {
			isa = XCSwiftPackageProductDependency;
			package = 394054FE2B9E0294000AF69F /* XCRemoteSwiftPackageReference "FSCalendar" */;
			productName = FSCalendar;
		};
		396D2FDE2B9ADF7200613BFE /* SnapKit */ = {
			isa = XCSwiftPackageProductDependency;
			package = 396D2FDD2B9ADF7200613BFE /* XCRemoteSwiftPackageReference "SnapKit" */;
			productName = SnapKit;
		};
		396D2FFD2B9BEDA000613BFE /* Realm */ = {
			isa = XCSwiftPackageProductDependency;
			package = 396D2FFC2B9BEDA000613BFE /* XCRemoteSwiftPackageReference "realm-swift" */;
			productName = Realm;
		};
		396D2FFF2B9BEDA000613BFE /* RealmSwift */ = {
			isa = XCSwiftPackageProductDependency;
			package = 396D2FFC2B9BEDA000613BFE /* XCRemoteSwiftPackageReference "realm-swift" */;
			productName = RealmSwift;
		};
		39CFA77C2BA01CFF0057827F /* Alamofire */ = {
			isa = XCSwiftPackageProductDependency;
			package = 39CFA77B2BA01CFF0057827F /* XCRemoteSwiftPackageReference "Alamofire" */;
			productName = Alamofire;
		};
		39CFA7832BA0B4D60057827F /* Toast */ = {
			isa = XCSwiftPackageProductDependency;
			package = 39CFA7822BA0B4D60057827F /* XCRemoteSwiftPackageReference "Toast-Swift" */;
			productName = Toast;
		};
		39CFA78E2BA2BFFF0057827F /* SwipeCellKit */ = {
			isa = XCSwiftPackageProductDependency;
			package = 39CFA78D2BA2BFFF0057827F /* XCRemoteSwiftPackageReference "SwipeCellKit" */;
			productName = SwipeCellKit;
		};
/* End XCSwiftPackageProductDependency section */
	};
	rootObject = 396D2FB12B99839200613BFE /* Project object */;
}
